
Microsoft Visual Studio Solution File, Format Version 12.00
# Visual Studio Version 17
VisualStudioVersion = 17.1.32228.430
MinimumVisualStudioVersion = 10.0.40219.1
Project("{9A19103F-16F7-4668-BE54-9A1E7A4F7556}") = "MeridianTestTask", "MeridianTestTask\MeridianTestTask.csproj", "{E3706FC4-8C35-4929-A896-683004344004}"
EndProject
Project("{FAE04EC0-301F-11D3-BF4B-00C04F79EFBC}") = "MeridianJsonExtencion", "MeridianJsonExtencion\MeridianJsonExtencion.csproj", "{E75A05C1-2DE1-4F55-8520-F05033A0B73D}"
EndProject
Project("{FAE04EC0-301F-11D3-BF4B-00C04F79EFBC}") = "MeridianTcp", "MeridianTcp\MeridianTcp.csproj", "{F5F425F8-9DE9-47BB-8D74-3174553F6969}"
EndProject
Global
	GlobalSection(SolutionConfigurationPlatforms) = preSolution
		Debug|Any CPU = Debug|Any CPU
		Release|Any CPU = Release|Any CPU
	EndGlobalSection
	GlobalSection(ProjectConfigurationPlatforms) = postSolution
		{E3706FC4-8C35-4929-A896-683004344004}.Debug|Any CPU.ActiveCfg = Debug|Any CPU
		{E3706FC4-8C35-4929-A896-683004344004}.Debug|Any CPU.Build.0 = Debug|Any CPU
		{E3706FC4-8C35-4929-A896-683004344004}.Release|Any CPU.ActiveCfg = Release|Any CPU
		{E3706FC4-8C35-4929-A896-683004344004}.Release|Any CPU.Build.0 = Release|Any CPU
		{E75A05C1-2DE1-4F55-8520-F05033A0B73D}.Debug|Any CPU.ActiveCfg = Debug|Any CPU
		{E75A05C1-2DE1-4F55-8520-F05033A0B73D}.Debug|Any CPU.Build.0 = Debug|Any CPU
		{E75A05C1-2DE1-4F55-8520-F05033A0B73D}.Release|Any CPU.ActiveCfg = Release|Any CPU
		{E75A05C1-2DE1-4F55-8520-F05033A0B73D}.Release|Any CPU.Build.0 = Release|Any CPU
		{F5F425F8-9DE9-47BB-8D74-3174553F6969}.Debug|Any CPU.ActiveCfg = Debug|Any CPU
		{F5F425F8-9DE9-47BB-8D74-3174553F6969}.Debug|Any CPU.Build.0 = Debug|Any CPU
		{F5F425F8-9DE9-47BB-8D74-3174553F6969}.Release|Any CPU.ActiveCfg = Release|Any CPU
		{F5F425F8-9DE9-47BB-8D74-3174553F6969}.Release|Any CPU.Build.0 = Release|Any CPU
	EndGlobalSection
	GlobalSection(SolutionProperties) = preSolution
		HideSolutionNode = FALSE
	EndGlobalSection
	GlobalSection(ExtensibilityGlobals) = postSolution
		SolutionGuid = {5A55C60A-9944-4BA6-AB85-C1278E596BB0}
	EndGlobalSection
EndGlobal
